
Microsoft Visual Studio Solution File, Format Version 12.00
# Visual Studio Version 16
VisualStudioVersion = 16.0.29509.3
MinimumVisualStudioVersion = 10.0.40219.1
Project("{FAE04EC0-301F-11D3-BF4B-00C04F79EFBC}") = "WindowsFormsApp9", "WindowsFormsApp9\WindowsFormsApp9.csproj", "{677C6B6E-5F9B-4B19-8E02-A0042216EF1B}"
EndProject
Global
	GlobalSection(SolutionConfigurationPlatforms) = preSolution
		Debug|Any CPU = Debug|Any CPU
		Release|Any CPU = Release|Any CPU
	EndGlobalSection
	GlobalSection(ProjectConfigurationPlatforms) = postSolution
		{677C6B6E-5F9B-4B19-8E02-A0042216EF1B}.Debug|Any CPU.ActiveCfg = Debug|Any CPU
		{677C6B6E-5F9B-4B19-8E02-A0042216EF1B}.Debug|Any CPU.Build.0 = Debug|Any CPU
		{677C6B6E-5F9B-4B19-8E02-A0042216EF1B}.Release|Any CPU.ActiveCfg = Release|Any CPU
		{677C6B6E-5F9B-4B19-8E02-A0042216EF1B}.Release|Any CPU.Build.0 = Release|Any CPU
	EndGlobalSection
	GlobalSection(SolutionProperties) = preSolution
		HideSolutionNode = FALSE
	EndGlobalSection
	GlobalSection(ExtensibilityGlobals) = postSolution
		SolutionGuid = {C97685FF-CCD2-4A41-A451-ABAB48CAFBA4}
	EndGlobalSection
EndGlobal
